// !$*UTF8*$!
{
	archiveVersion = 1;
	classes = {
	};
	objectVersion = 50;
	objects = {

/* Begin PBXBuildFile section */
		5256E7452477A4FA0005CB62 /* main.swift in Sources */ = {isa = PBXBuildFile; fileRef = 5256E7442477A4FA0005CB62 /* main.swift */; };
		5256E74D2477A5FE0005CB62 /* TreeNode.swift in Sources */ = {isa = PBXBuildFile; fileRef = 5256E74C2477A5FD0005CB62 /* TreeNode.swift */; };
		5256E74F2477A6A00005CB62 /* TraversalTree.swift in Sources */ = {isa = PBXBuildFile; fileRef = 5256E74E2477A6A00005CB62 /* TraversalTree.swift */; };
		5256E7512477B83D0005CB62 /* BST.swift in Sources */ = {isa = PBXBuildFile; fileRef = 5256E7502477B83D0005CB62 /* BST.swift */; };
		52732A0024888BF600E7E766 /* Sorted.swift in Sources */ = {isa = PBXBuildFile; fileRef = 527329FF24888BF600E7E766 /* Sorted.swift */; };
		52732A022488DA3900E7E766 /* ClimbingStairs.swift in Sources */ = {isa = PBXBuildFile; fileRef = 52732A012488DA3900E7E766 /* ClimbingStairs.swift */; };
		52732A042488E7CF00E7E766 /* Profit.swift in Sources */ = {isa = PBXBuildFile; fileRef = 52732A032488E7CF00E7E766 /* Profit.swift */; };
		52732A072489008200E7E766 /* Island.swift in Sources */ = {isa = PBXBuildFile; fileRef = 52732A062489008200E7E766 /* Island.swift */; };
		527F08EB247CAF8500668911 /* ReverseList.swift in Sources */ = {isa = PBXBuildFile; fileRef = 527F08EA247CAF8500668911 /* ReverseList.swift */; };
		527F08ED247CB00C00668911 /* ListNode.swift in Sources */ = {isa = PBXBuildFile; fileRef = 527F08EC247CB00C00668911 /* ListNode.swift */; };
		529D786E247BC5BE00EB7300 /* Rob.swift in Sources */ = {isa = PBXBuildFile; fileRef = 529D786D247BC5BE00EB7300 /* Rob.swift */; };
		52A62BB0248491A200009465 /* Sum.swift in Sources */ = {isa = PBXBuildFile; fileRef = 52A62BAF248491A200009465 /* Sum.swift */; };
		52A62BB22484B5F800009465 /* FirstMissingPositive.swift in Sources */ = {isa = PBXBuildFile; fileRef = 52A62BB12484B5F800009465 /* FirstMissingPositive.swift */; };
		52ADE1CD247FA77E00E82CEC /* MergeList.swift in Sources */ = {isa = PBXBuildFile; fileRef = 52ADE1CC247FA77E00E82CEC /* MergeList.swift */; };
		52ADE1CF247FC03D00E82CEC /* SwapPairs.swift in Sources */ = {isa = PBXBuildFile; fileRef = 52ADE1CE247FC03D00E82CEC /* SwapPairs.swift */; };
		8A0848FD2482699B00D48112 /* RotateListNode.swift in Sources */ = {isa = PBXBuildFile; fileRef = 8A0848FC2482699B00D48112 /* RotateListNode.swift */; };
		8A933AED2483FBEB00D6B0F7 /* SortList.swift in Sources */ = {isa = PBXBuildFile; fileRef = 8A933AEC2483FBEB00D6B0F7 /* SortList.swift */; };
		8A933AEF2484001700D6B0F7 /* DeleteNode.swift in Sources */ = {isa = PBXBuildFile; fileRef = 8A933AEE2484001700D6B0F7 /* DeleteNode.swift */; };
		8A933AF12484087D00D6B0F7 /* GetIntersectionNode.swift in Sources */ = {isa = PBXBuildFile; fileRef = 8A933AF02484087D00D6B0F7 /* GetIntersectionNode.swift */; };
		8AA9B5B2247957B400ED5E5B /* Symmetric.swift in Sources */ = {isa = PBXBuildFile; fileRef = 8AA9B5B1247957B400ED5E5B /* Symmetric.swift */; };
/* End PBXBuildFile section */

/* Begin PBXCopyFilesBuildPhase section */
		5256E73F2477A4FA0005CB62 /* CopyFiles */ = {
			isa = PBXCopyFilesBuildPhase;
			buildActionMask = 2147483647;
			dstPath = /usr/share/man/man1/;
			dstSubfolderSpec = 0;
			files = (
			);
			runOnlyForDeploymentPostprocessing = 1;
		};
/* End PBXCopyFilesBuildPhase section */

/* Begin PBXFileReference section */
		5256E7412477A4FA0005CB62 /* Algorithm */ = {isa = PBXFileReference; explicitFileType = "compiled.mach-o.executable"; includeInIndex = 0; path = Algorithm; sourceTree = BUILT_PRODUCTS_DIR; };
		5256E7442477A4FA0005CB62 /* main.swift */ = {isa = PBXFileReference; lastKnownFileType = sourcecode.swift; path = main.swift; sourceTree = "<group>"; };
		5256E74C2477A5FD0005CB62 /* TreeNode.swift */ = {isa = PBXFileReference; lastKnownFileType = sourcecode.swift; path = TreeNode.swift; sourceTree = "<group>"; };
		5256E74E2477A6A00005CB62 /* TraversalTree.swift */ = {isa = PBXFileReference; lastKnownFileType = sourcecode.swift; path = TraversalTree.swift; sourceTree = "<group>"; };
		5256E7502477B83D0005CB62 /* BST.swift */ = {isa = PBXFileReference; lastKnownFileType = sourcecode.swift; path = BST.swift; sourceTree = "<group>"; };
		527329FF24888BF600E7E766 /* Sorted.swift */ = {isa = PBXFileReference; lastKnownFileType = sourcecode.swift; path = Sorted.swift; sourceTree = "<group>"; };
		52732A012488DA3900E7E766 /* ClimbingStairs.swift */ = {isa = PBXFileReference; lastKnownFileType = sourcecode.swift; path = ClimbingStairs.swift; sourceTree = "<group>"; };
		52732A032488E7CF00E7E766 /* Profit.swift */ = {isa = PBXFileReference; lastKnownFileType = sourcecode.swift; path = Profit.swift; sourceTree = "<group>"; };
		52732A062489008200E7E766 /* Island.swift */ = {isa = PBXFileReference; lastKnownFileType = sourcecode.swift; path = Island.swift; sourceTree = "<group>"; };
		527F08EA247CAF8500668911 /* ReverseList.swift */ = {isa = PBXFileReference; lastKnownFileType = sourcecode.swift; path = ReverseList.swift; sourceTree = "<group>"; };
		527F08EC247CB00C00668911 /* ListNode.swift */ = {isa = PBXFileReference; lastKnownFileType = sourcecode.swift; path = ListNode.swift; sourceTree = "<group>"; };
		529D786D247BC5BE00EB7300 /* Rob.swift */ = {isa = PBXFileReference; lastKnownFileType = sourcecode.swift; path = Rob.swift; sourceTree = "<group>"; };
		52A62BAF248491A200009465 /* Sum.swift */ = {isa = PBXFileReference; lastKnownFileType = sourcecode.swift; path = Sum.swift; sourceTree = "<group>"; };
		52A62BB12484B5F800009465 /* FirstMissingPositive.swift */ = {isa = PBXFileReference; lastKnownFileType = sourcecode.swift; path = FirstMissingPositive.swift; sourceTree = "<group>"; };
		52ADE1CC247FA77E00E82CEC /* MergeList.swift */ = {isa = PBXFileReference; lastKnownFileType = sourcecode.swift; path = MergeList.swift; sourceTree = "<group>"; };
		52ADE1CE247FC03D00E82CEC /* SwapPairs.swift */ = {isa = PBXFileReference; lastKnownFileType = sourcecode.swift; path = SwapPairs.swift; sourceTree = "<group>"; };
		8A0848FC2482699B00D48112 /* RotateListNode.swift */ = {isa = PBXFileReference; lastKnownFileType = sourcecode.swift; path = RotateListNode.swift; sourceTree = "<group>"; };
		8A933AEC2483FBEB00D6B0F7 /* SortList.swift */ = {isa = PBXFileReference; lastKnownFileType = sourcecode.swift; path = SortList.swift; sourceTree = "<group>"; };
		8A933AEE2484001700D6B0F7 /* DeleteNode.swift */ = {isa = PBXFileReference; lastKnownFileType = sourcecode.swift; path = DeleteNode.swift; sourceTree = "<group>"; };
		8A933AF02484087D00D6B0F7 /* GetIntersectionNode.swift */ = {isa = PBXFileReference; lastKnownFileType = sourcecode.swift; path = GetIntersectionNode.swift; sourceTree = "<group>"; };
		8AA9B5B1247957B400ED5E5B /* Symmetric.swift */ = {isa = PBXFileReference; lastKnownFileType = sourcecode.swift; path = Symmetric.swift; sourceTree = "<group>"; };
/* End PBXFileReference section */

/* Begin PBXFrameworksBuildPhase section */
		5256E73E2477A4FA0005CB62 /* Frameworks */ = {
			isa = PBXFrameworksBuildPhase;
			buildActionMask = 2147483647;
			files = (
			);
			runOnlyForDeploymentPostprocessing = 0;
		};
/* End PBXFrameworksBuildPhase section */

/* Begin PBXGroup section */
		5256E7382477A4FA0005CB62 = {
			isa = PBXGroup;
			children = (
				5256E7432477A4FA0005CB62 /* Algorithm */,
				5256E7422477A4FA0005CB62 /* Products */,
			);
			sourceTree = "<group>";
		};
		5256E7422477A4FA0005CB62 /* Products */ = {
			isa = PBXGroup;
			children = (
				5256E7412477A4FA0005CB62 /* Algorithm */,
			);
			name = Products;
			sourceTree = "<group>";
		};
		5256E7432477A4FA0005CB62 /* Algorithm */ = {
			isa = PBXGroup;
			children = (
				52732A052489005200E7E766 /* DFS */,
				52A62BAE2484917E00009465 /* Array */,
				527F08E9247CAF5100668911 /* ListNode */,
				529D786C247BC59800EB7300 /* Dynamic */,
				5256E74B2477A5380005CB62 /* BinaryTree */,
				5256E7442477A4FA0005CB62 /* main.swift */,
			);
			path = Algorithm;
			sourceTree = "<group>";
		};
		5256E74B2477A5380005CB62 /* BinaryTree */ = {
			isa = PBXGroup;
			children = (
				5256E74C2477A5FD0005CB62 /* TreeNode.swift */,
				5256E74E2477A6A00005CB62 /* TraversalTree.swift */,
				5256E7502477B83D0005CB62 /* BST.swift */,
				8AA9B5B1247957B400ED5E5B /* Symmetric.swift */,
			);
			path = BinaryTree;
			sourceTree = "<group>";
		};
		52732A052489005200E7E766 /* DFS */ = {
			isa = PBXGroup;
			children = (
				52732A062489008200E7E766 /* Island.swift */,
			);
			path = DFS;
			sourceTree = "<group>";
		};
		527F08E9247CAF5100668911 /* ListNode */ = {
			isa = PBXGroup;
			children = (
				527F08EC247CB00C00668911 /* ListNode.swift */,
				527F08EA247CAF8500668911 /* ReverseList.swift */,
				52ADE1CC247FA77E00E82CEC /* MergeList.swift */,
				52ADE1CE247FC03D00E82CEC /* SwapPairs.swift */,
				8A0848FC2482699B00D48112 /* RotateListNode.swift */,
				8A933AEC2483FBEB00D6B0F7 /* SortList.swift */,
				8A933AEE2484001700D6B0F7 /* DeleteNode.swift */,
				8A933AF02484087D00D6B0F7 /* GetIntersectionNode.swift */,
			);
			path = ListNode;
			sourceTree = "<group>";
		};
		529D786C247BC59800EB7300 /* Dynamic */ = {
			isa = PBXGroup;
			children = (
				529D786D247BC5BE00EB7300 /* Rob.swift */,
				52732A012488DA3900E7E766 /* ClimbingStairs.swift */,
				52732A032488E7CF00E7E766 /* Profit.swift */,
			);
			path = Dynamic;
			sourceTree = "<group>";
		};
		52A62BAE2484917E00009465 /* Array */ = {
			isa = PBXGroup;
			children = (
				52A62BAF248491A200009465 /* Sum.swift */,
				52A62BB12484B5F800009465 /* FirstMissingPositive.swift */,
				527329FF24888BF600E7E766 /* Sorted.swift */,
			);
			path = Array;
			sourceTree = "<group>";
		};
/* End PBXGroup section */

/* Begin PBXNativeTarget section */
		5256E7402477A4FA0005CB62 /* Algorithm */ = {
			isa = PBXNativeTarget;
			buildConfigurationList = 5256E7482477A4FA0005CB62 /* Build configuration list for PBXNativeTarget "Algorithm" */;
			buildPhases = (
				5256E73D2477A4FA0005CB62 /* Sources */,
				5256E73E2477A4FA0005CB62 /* Frameworks */,
				5256E73F2477A4FA0005CB62 /* CopyFiles */,
			);
			buildRules = (
			);
			dependencies = (
			);
			name = Algorithm;
			productName = Algorithm;
			productReference = 5256E7412477A4FA0005CB62 /* Algorithm */;
			productType = "com.apple.product-type.tool";
		};
/* End PBXNativeTarget section */

/* Begin PBXProject section */
		5256E7392477A4FA0005CB62 /* Project object */ = {
			isa = PBXProject;
			attributes = {
				LastSwiftUpdateCheck = 1150;
				LastUpgradeCheck = 1150;
				ORGANIZATIONNAME = longxd;
				TargetAttributes = {
					5256E7402477A4FA0005CB62 = {
						CreatedOnToolsVersion = 11.5;
					};
				};
			};
			buildConfigurationList = 5256E73C2477A4FA0005CB62 /* Build configuration list for PBXProject "Algorithm" */;
			compatibilityVersion = "Xcode 9.3";
			developmentRegion = en;
			hasScannedForEncodings = 0;
			knownRegions = (
				en,
				Base,
			);
			mainGroup = 5256E7382477A4FA0005CB62;
			productRefGroup = 5256E7422477A4FA0005CB62 /* Products */;
			projectDirPath = "";
			projectRoot = "";
			targets = (
				5256E7402477A4FA0005CB62 /* Algorithm */,
			);
		};
/* End PBXProject section */

/* Begin PBXSourcesBuildPhase section */
		5256E73D2477A4FA0005CB62 /* Sources */ = {
			isa = PBXSourcesBuildPhase;
			buildActionMask = 2147483647;
			files = (
				52ADE1CF247FC03D00E82CEC /* SwapPairs.swift in Sources */,
				8A933AF12484087D00D6B0F7 /* GetIntersectionNode.swift in Sources */,
				52732A022488DA3900E7E766 /* ClimbingStairs.swift in Sources */,
				8A933AEF2484001700D6B0F7 /* DeleteNode.swift in Sources */,
				527F08EB247CAF8500668911 /* ReverseList.swift in Sources */,
				52732A042488E7CF00E7E766 /* Profit.swift in Sources */,
				5256E7452477A4FA0005CB62 /* main.swift in Sources */,
				52A62BB0248491A200009465 /* Sum.swift in Sources */,
				5256E7512477B83D0005CB62 /* BST.swift in Sources */,
				8A0848FD2482699B00D48112 /* RotateListNode.swift in Sources */,
				527F08ED247CB00C00668911 /* ListNode.swift in Sources */,
				8AA9B5B2247957B400ED5E5B /* Symmetric.swift in Sources */,
				52A62BB22484B5F800009465 /* FirstMissingPositive.swift in Sources */,
				5256E74D2477A5FE0005CB62 /* TreeNode.swift in Sources */,
				52ADE1CD247FA77E00E82CEC /* MergeList.swift in Sources */,
				8A933AED2483FBEB00D6B0F7 /* SortList.swift in Sources */,
				529D786E247BC5BE00EB7300 /* Rob.swift in Sources */,
				5256E74F2477A6A00005CB62 /* TraversalTree.swift in Sources */,
				52732A072489008200E7E766 /* Island.swift in Sources */,
				52732A0024888BF600E7E766 /* Sorted.swift in Sources */,
			);
			runOnlyForDeploymentPostprocessing = 0;
		};
/* End PBXSourcesBuildPhase section */

/* Begin XCBuildConfiguration section */
		5256E7462477A4FA0005CB62 /* Debug */ = {
			isa = XCBuildConfiguration;
			buildSettings = {
				ALWAYS_SEARCH_USER_PATHS = NO;
				CLANG_ANALYZER_NONNULL = YES;
				CLANG_ANALYZER_NUMBER_OBJECT_CONVERSION = YES_AGGRESSIVE;
				CLANG_CXX_LANGUAGE_STANDARD = "gnu++14";
				CLANG_CXX_LIBRARY = "libc++";
				CLANG_ENABLE_MODULES = YES;
				CLANG_ENABLE_OBJC_ARC = YES;
				CLANG_ENABLE_OBJC_WEAK = YES;
				CLANG_WARN_BLOCK_CAPTURE_AUTORELEASING = YES;
				CLANG_WARN_BOOL_CONVERSION = YES;
				CLANG_WARN_COMMA = YES;
				CLANG_WARN_CONSTANT_CONVERSION = YES;
				CLANG_WARN_DEPRECATED_OBJC_IMPLEMENTATIONS = YES;
				CLANG_WARN_DIRECT_OBJC_ISA_USAGE = YES_ERROR;
				CLANG_WARN_DOCUMENTATION_COMMENTS = YES;
				CLANG_WARN_EMPTY_BODY = YES;
				CLANG_WARN_ENUM_CONVERSION = YES;
				CLANG_WARN_INFINITE_RECURSION = YES;
				CLANG_WARN_INT_CONVERSION = YES;
				CLANG_WARN_NON_LITERAL_NULL_CONVERSION = YES;
				CLANG_WARN_OBJC_IMPLICIT_RETAIN_SELF = YES;
				CLANG_WARN_OBJC_LITERAL_CONVERSION = YES;
				CLANG_WARN_OBJC_ROOT_CLASS = YES_ERROR;
				CLANG_WARN_RANGE_LOOP_ANALYSIS = YES;
				CLANG_WARN_STRICT_PROTOTYPES = YES;
				CLANG_WARN_SUSPICIOUS_MOVE = YES;
				CLANG_WARN_UNGUARDED_AVAILABILITY = YES_AGGRESSIVE;
				CLANG_WARN_UNREACHABLE_CODE = YES;
				CLANG_WARN__DUPLICATE_METHOD_MATCH = YES;
				COPY_PHASE_STRIP = NO;
				DEBUG_INFORMATION_FORMAT = dwarf;
				ENABLE_STRICT_OBJC_MSGSEND = YES;
				ENABLE_TESTABILITY = YES;
				GCC_C_LANGUAGE_STANDARD = gnu11;
				GCC_DYNAMIC_NO_PIC = NO;
				GCC_NO_COMMON_BLOCKS = YES;
				GCC_OPTIMIZATION_LEVEL = 0;
				GCC_PREPROCESSOR_DEFINITIONS = (
					"DEBUG=1",
					"$(inherited)",
				);
				GCC_WARN_64_TO_32_BIT_CONVERSION = YES;
				GCC_WARN_ABOUT_RETURN_TYPE = YES_ERROR;
				GCC_WARN_UNDECLARED_SELECTOR = YES;
				GCC_WARN_UNINITIALIZED_AUTOS = YES_AGGRESSIVE;
				GCC_WARN_UNUSED_FUNCTION = YES;
				GCC_WARN_UNUSED_VARIABLE = YES;
				MACOSX_DEPLOYMENT_TARGET = 10.15;
				MTL_ENABLE_DEBUG_INFO = INCLUDE_SOURCE;
				MTL_FAST_MATH = YES;
				ONLY_ACTIVE_ARCH = YES;
				SDKROOT = macosx;
				SWIFT_ACTIVE_COMPILATION_CONDITIONS = DEBUG;
				SWIFT_OPTIMIZATION_LEVEL = "-Onone";
			};
			name = Debug;
		};
		5256E7472477A4FA0005CB62 /* Release */ = {
			isa = XCBuildConfiguration;
			buildSettings = {
				ALWAYS_SEARCH_USER_PATHS = NO;
				CLANG_ANALYZER_NONNULL = YES;
				CLANG_ANALYZER_NUMBER_OBJECT_CONVERSION = YES_AGGRESSIVE;
				CLANG_CXX_LANGUAGE_STANDARD = "gnu++14";
				CLANG_CXX_LIBRARY = "libc++";
				CLANG_ENABLE_MODULES = YES;
				CLANG_ENABLE_OBJC_ARC = YES;
				CLANG_ENABLE_OBJC_WEAK = YES;
				CLANG_WARN_BLOCK_CAPTURE_AUTORELEASING = YES;
				CLANG_WARN_BOOL_CONVERSION = YES;
				CLANG_WARN_COMMA = YES;
				CLANG_WARN_CONSTANT_CONVERSION = YES;
				CLANG_WARN_DEPRECATED_OBJC_IMPLEMENTATIONS = YES;
				CLANG_WARN_DIRECT_OBJC_ISA_USAGE = YES_ERROR;
				CLANG_WARN_DOCUMENTATION_COMMENTS = YES;
				CLANG_WARN_EMPTY_BODY = YES;
				CLANG_WARN_ENUM_CONVERSION = YES;
				CLANG_WARN_INFINITE_RECURSION = YES;
				CLANG_WARN_INT_CONVERSION = YES;
				CLANG_WARN_NON_LITERAL_NULL_CONVERSION = YES;
				CLANG_WARN_OBJC_IMPLICIT_RETAIN_SELF = YES;
				CLANG_WARN_OBJC_LITERAL_CONVERSION = YES;
				CLANG_WARN_OBJC_ROOT_CLASS = YES_ERROR;
				CLANG_WARN_RANGE_LOOP_ANALYSIS = YES;
				CLANG_WARN_STRICT_PROTOTYPES = YES;
				CLANG_WARN_SUSPICIOUS_MOVE = YES;
				CLANG_WARN_UNGUARDED_AVAILABILITY = YES_AGGRESSIVE;
				CLANG_WARN_UNREACHABLE_CODE = YES;
				CLANG_WARN__DUPLICATE_METHOD_MATCH = YES;
				COPY_PHASE_STRIP = NO;
				DEBUG_INFORMATION_FORMAT = "dwarf-with-dsym";
				ENABLE_NS_ASSERTIONS = NO;
				ENABLE_STRICT_OBJC_MSGSEND = YES;
				GCC_C_LANGUAGE_STANDARD = gnu11;
				GCC_NO_COMMON_BLOCKS = YES;
				GCC_WARN_64_TO_32_BIT_CONVERSION = YES;
				GCC_WARN_ABOUT_RETURN_TYPE = YES_ERROR;
				GCC_WARN_UNDECLARED_SELECTOR = YES;
				GCC_WARN_UNINITIALIZED_AUTOS = YES_AGGRESSIVE;
				GCC_WARN_UNUSED_FUNCTION = YES;
				GCC_WARN_UNUSED_VARIABLE = YES;
				MACOSX_DEPLOYMENT_TARGET = 10.15;
				MTL_ENABLE_DEBUG_INFO = NO;
				MTL_FAST_MATH = YES;
				SDKROOT = macosx;
				SWIFT_COMPILATION_MODE = wholemodule;
				SWIFT_OPTIMIZATION_LEVEL = "-O";
			};
			name = Release;
		};
		5256E7492477A4FA0005CB62 /* Debug */ = {
			isa = XCBuildConfiguration;
			buildSettings = {
				CODE_SIGN_STYLE = Automatic;
				DEVELOPMENT_TEAM = KRYE8VW74K;
				ENABLE_HARDENED_RUNTIME = YES;
				PRODUCT_NAME = "$(TARGET_NAME)";
				SWIFT_VERSION = 5.0;
			};
			name = Debug;
		};
		5256E74A2477A4FA0005CB62 /* Release */ = {
			isa = XCBuildConfiguration;
			buildSettings = {
				CODE_SIGN_STYLE = Automatic;
				DEVELOPMENT_TEAM = KRYE8VW74K;
				ENABLE_HARDENED_RUNTIME = YES;
				PRODUCT_NAME = "$(TARGET_NAME)";
				SWIFT_VERSION = 5.0;
			};
			name = Release;
		};
/* End XCBuildConfiguration section */

/* Begin XCConfigurationList section */
		5256E73C2477A4FA0005CB62 /* Build configuration list for PBXProject "Algorithm" */ = {
			isa = XCConfigurationList;
			buildConfigurations = (
				5256E7462477A4FA0005CB62 /* Debug */,
				5256E7472477A4FA0005CB62 /* Release */,
			);
			defaultConfigurationIsVisible = 0;
			defaultConfigurationName = Release;
		};
		5256E7482477A4FA0005CB62 /* Build configuration list for PBXNativeTarget "Algorithm" */ = {
			isa = XCConfigurationList;
			buildConfigurations = (
				5256E7492477A4FA0005CB62 /* Debug */,
				5256E74A2477A4FA0005CB62 /* Release */,
			);
			defaultConfigurationIsVisible = 0;
			defaultConfigurationName = Release;
		};
/* End XCConfigurationList section */
	};
	rootObject = 5256E7392477A4FA0005CB62 /* Project object */;
}
